// !$*UTF8*$!
{
	archiveVersion = 1;
	classes = {
	};
	objectVersion = 51;
	objects = {

/* Begin PBXBuildFile section */
		2C1D39A32570226A00568DE0 /* CategoriesLoadProtocol.swift in Sources */ = {isa = PBXBuildFile; fileRef = 2C1D39A22570226A00568DE0 /* CategoriesLoadProtocol.swift */; };
		2C53BD8D25714D8A00D5132C /* CategoryTableViewCell.swift in Sources */ = {isa = PBXBuildFile; fileRef = 2C53BD8C25714D8A00D5132C /* CategoryTableViewCell.swift */; };
		2C55AF302594DE930001BE12 /* ItemsRealm.swift in Sources */ = {isa = PBXBuildFile; fileRef = 2C55AF2F2594DE930001BE12 /* ItemsRealm.swift */; };
		2C55D2FB2577B5D400E0765C /* CategoryStruct.swift in Sources */ = {isa = PBXBuildFile; fileRef = 2C55D2FA2577B5D400E0765C /* CategoryStruct.swift */; };
		2C573EBE258E5F6C00748490 /* CartViewController.swift in Sources */ = {isa = PBXBuildFile; fileRef = 2C573EBD258E5F6C00748490 /* CartViewController.swift */; };
		2C57EA72257CF4E400B3E6E9 /* ItemStruct.swift in Sources */ = {isa = PBXBuildFile; fileRef = 2C57EA71257CF4E400B3E6E9 /* ItemStruct.swift */; };
		2C57EA74257D22C000B3E6E9 /* ItemsLoadProtocol.swift in Sources */ = {isa = PBXBuildFile; fileRef = 2C57EA73257D22C000B3E6E9 /* ItemsLoadProtocol.swift */; };
		2C5F793A257FED9D003D5A16 /* ItemViewController.swift in Sources */ = {isa = PBXBuildFile; fileRef = 2C5F7939257FED9D003D5A16 /* ItemViewController.swift */; };
		2C64454A2572AA25006BDE7A /* SubCategoriesViewController.swift in Sources */ = {isa = PBXBuildFile; fileRef = 2C6445492572AA25006BDE7A /* SubCategoriesViewController.swift */; };
		2C64AD12257A4133005975F7 /* ItemsViewController.swift in Sources */ = {isa = PBXBuildFile; fileRef = 2C64AD11257A4133005975F7 /* ItemsViewController.swift */; };
		2C6669C825851EE90080848C /* PictureCollectionViewCell.swift in Sources */ = {isa = PBXBuildFile; fileRef = 2C6669C725851EE90080848C /* PictureCollectionViewCell.swift */; };
		2C68FEE3257E90DC00F348F0 /* ItemCollectionViewCell.swift in Sources */ = {isa = PBXBuildFile; fileRef = 2C68FEE2257E90DC00F348F0 /* ItemCollectionViewCell.swift */; };
		2C6B478025681A160046015D /* AppDelegate.swift in Sources */ = {isa = PBXBuildFile; fileRef = 2C6B477F25681A160046015D /* AppDelegate.swift */; };
		2C6B478225681A160046015D /* SceneDelegate.swift in Sources */ = {isa = PBXBuildFile; fileRef = 2C6B478125681A160046015D /* SceneDelegate.swift */; };
		2C6B478425681A160046015D /* CategoriesViewController.swift in Sources */ = {isa = PBXBuildFile; fileRef = 2C6B478325681A160046015D /* CategoriesViewController.swift */; };
		2C6B478725681A160046015D /* Main.storyboard in Resources */ = {isa = PBXBuildFile; fileRef = 2C6B478525681A160046015D /* Main.storyboard */; };
		2C6B478925681A1E0046015D /* Assets.xcassets in Resources */ = {isa = PBXBuildFile; fileRef = 2C6B478825681A1E0046015D /* Assets.xcassets */; };
		2C6B478C25681A1E0046015D /* LaunchScreen.storyboard in Resources */ = {isa = PBXBuildFile; fileRef = 2C6B478A25681A1E0046015D /* LaunchScreen.storyboard */; };
		2C6CB38525A206DD00E76C3E /* CartTableViewCell.swift in Sources */ = {isa = PBXBuildFile; fileRef = 2C6CB38425A206DD00E76C3E /* CartTableViewCell.swift */; };
		2CBCC1D025862C3C0055882C /* MultiViewController.swift in Sources */ = {isa = PBXBuildFile; fileRef = 2CBCC1CF25862C3C0055882C /* MultiViewController.swift */; };
		2CBCC1D225862C890055882C /* MultiTableViewCell.swift in Sources */ = {isa = PBXBuildFile; fileRef = 2CBCC1D125862C890055882C /* MultiTableViewCell.swift */; };
		2CC1C9F725A3531500D4F59E /* RealmBaseFunctional.swift in Sources */ = {isa = PBXBuildFile; fileRef = 2CC1C9F625A3531500D4F59E /* RealmBaseFunctional.swift */; };
		2CC1C9F925A3A2E000D4F59E /* FinishViewController.swift in Sources */ = {isa = PBXBuildFile; fileRef = 2CC1C9F825A3A2E000D4F59E /* FinishViewController.swift */; };
		96819FDB1DF274E9CD8174D7 /* Pods_MyShop_BlackStar.framework in Frameworks */ = {isa = PBXBuildFile; fileRef = B390688578A4F1BB3CCAC865 /* Pods_MyShop_BlackStar.framework */; };
/* End PBXBuildFile section */

/* Begin PBXFileReference section */
		2C1D39A22570226A00568DE0 /* CategoriesLoadProtocol.swift */ = {isa = PBXFileReference; lastKnownFileType = sourcecode.swift; path = CategoriesLoadProtocol.swift; sourceTree = "<group>"; };
		2C53BD8C25714D8A00D5132C /* CategoryTableViewCell.swift */ = {isa = PBXFileReference; lastKnownFileType = sourcecode.swift; path = CategoryTableViewCell.swift; sourceTree = "<group>"; };
		2C55AF2F2594DE930001BE12 /* ItemsRealm.swift */ = {isa = PBXFileReference; lastKnownFileType = sourcecode.swift; path = ItemsRealm.swift; sourceTree = "<group>"; };
		2C55D2FA2577B5D400E0765C /* CategoryStruct.swift */ = {isa = PBXFileReference; lastKnownFileType = sourcecode.swift; path = CategoryStruct.swift; sourceTree = "<group>"; };
		2C573EBD258E5F6C00748490 /* CartViewController.swift */ = {isa = PBXFileReference; lastKnownFileType = sourcecode.swift; path = CartViewController.swift; sourceTree = "<group>"; };
		2C57EA71257CF4E400B3E6E9 /* ItemStruct.swift */ = {isa = PBXFileReference; lastKnownFileType = sourcecode.swift; path = ItemStruct.swift; sourceTree = "<group>"; };
		2C57EA73257D22C000B3E6E9 /* ItemsLoadProtocol.swift */ = {isa = PBXFileReference; lastKnownFileType = sourcecode.swift; path = ItemsLoadProtocol.swift; sourceTree = "<group>"; };
		2C5F7939257FED9D003D5A16 /* ItemViewController.swift */ = {isa = PBXFileReference; lastKnownFileType = sourcecode.swift; path = ItemViewController.swift; sourceTree = "<group>"; };
		2C6445492572AA25006BDE7A /* SubCategoriesViewController.swift */ = {isa = PBXFileReference; lastKnownFileType = sourcecode.swift; path = SubCategoriesViewController.swift; sourceTree = "<group>"; };
		2C64AD11257A4133005975F7 /* ItemsViewController.swift */ = {isa = PBXFileReference; lastKnownFileType = sourcecode.swift; path = ItemsViewController.swift; sourceTree = "<group>"; };
		2C6669C725851EE90080848C /* PictureCollectionViewCell.swift */ = {isa = PBXFileReference; lastKnownFileType = sourcecode.swift; path = PictureCollectionViewCell.swift; sourceTree = "<group>"; };
		2C68FEE2257E90DC00F348F0 /* ItemCollectionViewCell.swift */ = {isa = PBXFileReference; lastKnownFileType = sourcecode.swift; path = ItemCollectionViewCell.swift; sourceTree = "<group>"; };
		2C6B477C25681A160046015D /* MyShop_BlackStar.app */ = {isa = PBXFileReference; explicitFileType = wrapper.application; includeInIndex = 0; path = MyShop_BlackStar.app; sourceTree = BUILT_PRODUCTS_DIR; };
		2C6B477F25681A160046015D /* AppDelegate.swift */ = {isa = PBXFileReference; lastKnownFileType = sourcecode.swift; path = AppDelegate.swift; sourceTree = "<group>"; };
		2C6B478125681A160046015D /* SceneDelegate.swift */ = {isa = PBXFileReference; lastKnownFileType = sourcecode.swift; path = SceneDelegate.swift; sourceTree = "<group>"; };
		2C6B478325681A160046015D /* CategoriesViewController.swift */ = {isa = PBXFileReference; lastKnownFileType = sourcecode.swift; path = CategoriesViewController.swift; sourceTree = "<group>"; };
		2C6B478625681A160046015D /* Base */ = {isa = PBXFileReference; lastKnownFileType = file.storyboard; name = Base; path = Base.lproj/Main.storyboard; sourceTree = "<group>"; };
		2C6B478825681A1E0046015D /* Assets.xcassets */ = {isa = PBXFileReference; lastKnownFileType = folder.assetcatalog; path = Assets.xcassets; sourceTree = "<group>"; };
		2C6B478B25681A1E0046015D /* Base */ = {isa = PBXFileReference; lastKnownFileType = file.storyboard; name = Base; path = Base.lproj/LaunchScreen.storyboard; sourceTree = "<group>"; };
		2C6B478D25681A1E0046015D /* Info.plist */ = {isa = PBXFileReference; lastKnownFileType = text.plist.xml; path = Info.plist; sourceTree = "<group>"; };
		2C6CB38425A206DD00E76C3E /* CartTableViewCell.swift */ = {isa = PBXFileReference; lastKnownFileType = sourcecode.swift; path = CartTableViewCell.swift; sourceTree = "<group>"; };
		2CBCC1CF25862C3C0055882C /* MultiViewController.swift */ = {isa = PBXFileReference; lastKnownFileType = sourcecode.swift; path = MultiViewController.swift; sourceTree = "<group>"; };
		2CBCC1D125862C890055882C /* MultiTableViewCell.swift */ = {isa = PBXFileReference; lastKnownFileType = sourcecode.swift; path = MultiTableViewCell.swift; sourceTree = "<group>"; };
		2CC1C9F625A3531500D4F59E /* RealmBaseFunctional.swift */ = {isa = PBXFileReference; lastKnownFileType = sourcecode.swift; path = RealmBaseFunctional.swift; sourceTree = "<group>"; };
		2CC1C9F825A3A2E000D4F59E /* FinishViewController.swift */ = {isa = PBXFileReference; lastKnownFileType = sourcecode.swift; path = FinishViewController.swift; sourceTree = "<group>"; };
		A7999FBA7C356A4F3CFBE71E /* Pods-MyShop_BlackStar.release.xcconfig */ = {isa = PBXFileReference; includeInIndex = 1; lastKnownFileType = text.xcconfig; name = "Pods-MyShop_BlackStar.release.xcconfig"; path = "Target Support Files/Pods-MyShop_BlackStar/Pods-MyShop_BlackStar.release.xcconfig"; sourceTree = "<group>"; };
		B390688578A4F1BB3CCAC865 /* Pods_MyShop_BlackStar.framework */ = {isa = PBXFileReference; explicitFileType = wrapper.framework; includeInIndex = 0; path = Pods_MyShop_BlackStar.framework; sourceTree = BUILT_PRODUCTS_DIR; };
		E46381D8F51658796A55D6A1 /* Pods-MyShop_BlackStar.debug.xcconfig */ = {isa = PBXFileReference; includeInIndex = 1; lastKnownFileType = text.xcconfig; name = "Pods-MyShop_BlackStar.debug.xcconfig"; path = "Target Support Files/Pods-MyShop_BlackStar/Pods-MyShop_BlackStar.debug.xcconfig"; sourceTree = "<group>"; };
/* End PBXFileReference section */

/* Begin PBXFrameworksBuildPhase section */
		2C6B477925681A160046015D /* Frameworks */ = {
			isa = PBXFrameworksBuildPhase;
			buildActionMask = 2147483647;
			files = (
				96819FDB1DF274E9CD8174D7 /* Pods_MyShop_BlackStar.framework in Frameworks */,
			);
			runOnlyForDeploymentPostprocessing = 0;
		};
/* End PBXFrameworksBuildPhase section */

/* Begin PBXGroup section */
		2C6AA25E25B1CF7C00A70F0E /* Controllers */ = {
			isa = PBXGroup;
			children = (
				2C6B478325681A160046015D /* CategoriesViewController.swift */,
				2C6445492572AA25006BDE7A /* SubCategoriesViewController.swift */,
				2C64AD11257A4133005975F7 /* ItemsViewController.swift */,
				2C5F7939257FED9D003D5A16 /* ItemViewController.swift */,
				2CBCC1CF25862C3C0055882C /* MultiViewController.swift */,
				2C573EBD258E5F6C00748490 /* CartViewController.swift */,
				2CC1C9F825A3A2E000D4F59E /* FinishViewController.swift */,
			);
			path = Controllers;
			sourceTree = "<group>";
		};
		2C6B477325681A160046015D = {
			isa = PBXGroup;
			children = (
				2C6B477E25681A160046015D /* MyShop_BlackStar */,
				D0D5638AA4659D03DC0B04B5 /* Pods */,
				FA76F3706BB6F769F9380205 /* Frameworks */,
			);
			sourceTree = "<group>";
		};
		2C6B477D25681A160046015D /* Products */ = {
			isa = PBXGroup;
			children = (
				2C6B477C25681A160046015D /* MyShop_BlackStar.app */,
			);
			name = Products;
			path = ..;
			sourceTree = "<group>";
		};
		2C6B477E25681A160046015D /* MyShop_BlackStar */ = {
			isa = PBXGroup;
			children = (
				2C6B477F25681A160046015D /* AppDelegate.swift */,
				2C6B478125681A160046015D /* SceneDelegate.swift */,
				2C6AA25E25B1CF7C00A70F0E /* Controllers */,
				2C6B478525681A160046015D /* Main.storyboard */,
				2C6B478825681A1E0046015D /* Assets.xcassets */,
				2C6B478A25681A1E0046015D /* LaunchScreen.storyboard */,
				2C6B478D25681A1E0046015D /* Info.plist */,
				2C55D2FA2577B5D400E0765C /* CategoryStruct.swift */,
				2C1D39A22570226A00568DE0 /* CategoriesLoadProtocol.swift */,
				2C53BD8C25714D8A00D5132C /* CategoryTableViewCell.swift */,
				2C57EA71257CF4E400B3E6E9 /* ItemStruct.swift */,
				2C57EA73257D22C000B3E6E9 /* ItemsLoadProtocol.swift */,
				2C68FEE2257E90DC00F348F0 /* ItemCollectionViewCell.swift */,
				2C55AF2F2594DE930001BE12 /* ItemsRealm.swift */,
				2C6669C725851EE90080848C /* PictureCollectionViewCell.swift */,
				2CBCC1D125862C890055882C /* MultiTableViewCell.swift */,
				2C6CB38425A206DD00E76C3E /* CartTableViewCell.swift */,
				2C6B477D25681A160046015D /* Products */,
				2CC1C9F625A3531500D4F59E /* RealmBaseFunctional.swift */,
			);
			path = MyShop_BlackStar;
			sourceTree = "<group>";
		};
		D0D5638AA4659D03DC0B04B5 /* Pods */ = {
			isa = PBXGroup;
			children = (
				E46381D8F51658796A55D6A1 /* Pods-MyShop_BlackStar.debug.xcconfig */,
				A7999FBA7C356A4F3CFBE71E /* Pods-MyShop_BlackStar.release.xcconfig */,
			);
			path = Pods;
			sourceTree = "<group>";
		};
		FA76F3706BB6F769F9380205 /* Frameworks */ = {
			isa = PBXGroup;
			children = (
				B390688578A4F1BB3CCAC865 /* Pods_MyShop_BlackStar.framework */,
			);
			name = Frameworks;
			sourceTree = "<group>";
		};
/* End PBXGroup section */

/* Begin PBXNativeTarget section */
		2C6B477B25681A160046015D /* MyShop_BlackStar */ = {
			isa = PBXNativeTarget;
			buildConfigurationList = 2C6B479025681A1E0046015D /* Build configuration list for PBXNativeTarget "MyShop_BlackStar" */;
			buildPhases = (
				1D166318587AAFDD77332665 /* [CP] Check Pods Manifest.lock */,
				2C6B477825681A160046015D /* Sources */,
				2C6B477925681A160046015D /* Frameworks */,
				2C6B477A25681A160046015D /* Resources */,
				F8846EDCCEE66FAB976B4D87 /* [CP] Embed Pods Frameworks */,
			);
			buildRules = (
			);
			dependencies = (
			);
			name = MyShop_BlackStar;
			productName = MyShop_BlackStar;
			productReference = 2C6B477C25681A160046015D /* MyShop_BlackStar.app */;
			productType = "com.apple.product-type.application";
		};
/* End PBXNativeTarget section */

/* Begin PBXProject section */
		2C6B477425681A160046015D /* Project object */ = {
			isa = PBXProject;
			attributes = {
				LastSwiftUpdateCheck = 1130;
				LastUpgradeCheck = 1130;
				ORGANIZATIONNAME = Norik;
				TargetAttributes = {
					2C6B477B25681A160046015D = {
						CreatedOnToolsVersion = 11.3.1;
					};
				};
			};
			buildConfigurationList = 2C6B477725681A160046015D /* Build configuration list for PBXProject "MyShop_BlackStar" */;
			compatibilityVersion = "Xcode 9.3";
			developmentRegion = en;
			hasScannedForEncodings = 0;
			knownRegions = (
				en,
				Base,
			);
			mainGroup = 2C6B477325681A160046015D;
			productRefGroup = 2C6B477D25681A160046015D /* Products */;
			projectDirPath = "";
			projectRoot = "";
			targets = (
				2C6B477B25681A160046015D /* MyShop_BlackStar */,
			);
		};
/* End PBXProject section */

/* Begin PBXResourcesBuildPhase section */
		2C6B477A25681A160046015D /* Resources */ = {
			isa = PBXResourcesBuildPhase;
			buildActionMask = 2147483647;
			files = (
				2C6B478C25681A1E0046015D /* LaunchScreen.storyboard in Resources */,
				2C6B478925681A1E0046015D /* Assets.xcassets in Resources */,
				2C6B478725681A160046015D /* Main.storyboard in Resources */,
			);
			runOnlyForDeploymentPostprocessing = 0;
		};
/* End PBXResourcesBuildPhase section */

/* Begin PBXShellScriptBuildPhase section */
		1D166318587AAFDD77332665 /* [CP] Check Pods Manifest.lock */ = {
			isa = PBXShellScriptBuildPhase;
			buildActionMask = 2147483647;
			files = (
			);
			inputFileListPaths = (
			);
			inputPaths = (
				"${PODS_PODFILE_DIR_PATH}/Podfile.lock",
				"${PODS_ROOT}/Manifest.lock",
			);
			name = "[CP] Check Pods Manifest.lock";
			outputFileListPaths = (
			);
			outputPaths = (
				"$(DERIVED_FILE_DIR)/Pods-MyShop_BlackStar-checkManifestLockResult.txt",
			);
			runOnlyForDeploymentPostprocessing = 0;
			shellPath = /bin/sh;
			shellScript = "diff \"${PODS_PODFILE_DIR_PATH}/Podfile.lock\" \"${PODS_ROOT}/Manifest.lock\" > /dev/null\nif [ $? != 0 ] ; then\n    # print error to STDERR\n    echo \"error: The sandbox is not in sync with the Podfile.lock. Run 'pod install' or update your CocoaPods installation.\" >&2\n    exit 1\nfi\n# This output is used by Xcode 'outputs' to avoid re-running this script phase.\necho \"SUCCESS\" > \"${SCRIPT_OUTPUT_FILE_0}\"\n";
			showEnvVarsInLog = 0;
		};
		F8846EDCCEE66FAB976B4D87 /* [CP] Embed Pods Frameworks */ = {
			isa = PBXShellScriptBuildPhase;
			buildActionMask = 2147483647;
			files = (
			);
			inputFileListPaths = (
				"${PODS_ROOT}/Target Support Files/Pods-MyShop_BlackStar/Pods-MyShop_BlackStar-frameworks-${CONFIGURATION}-input-files.xcfilelist",
			);
			name = "[CP] Embed Pods Frameworks";
			outputFileListPaths = (
				"${PODS_ROOT}/Target Support Files/Pods-MyShop_BlackStar/Pods-MyShop_BlackStar-frameworks-${CONFIGURATION}-output-files.xcfilelist",
			);
			runOnlyForDeploymentPostprocessing = 0;
			shellPath = /bin/sh;
			shellScript = "\"${PODS_ROOT}/Target Support Files/Pods-MyShop_BlackStar/Pods-MyShop_BlackStar-frameworks.sh\"\n";
			showEnvVarsInLog = 0;
		};
/* End PBXShellScriptBuildPhase section */

/* Begin PBXSourcesBuildPhase section */
		2C6B477825681A160046015D /* Sources */ = {
			isa = PBXSourcesBuildPhase;
			buildActionMask = 2147483647;
			files = (
				2C57EA74257D22C000B3E6E9 /* ItemsLoadProtocol.swift in Sources */,
				2C68FEE3257E90DC00F348F0 /* ItemCollectionViewCell.swift in Sources */,
				2C57EA72257CF4E400B3E6E9 /* ItemStruct.swift in Sources */,
				2C6CB38525A206DD00E76C3E /* CartTableViewCell.swift in Sources */,
				2C53BD8D25714D8A00D5132C /* CategoryTableViewCell.swift in Sources */,
				2CC1C9F925A3A2E000D4F59E /* FinishViewController.swift in Sources */,
				2C6B478425681A160046015D /* CategoriesViewController.swift in Sources */,
				2CBCC1D225862C890055882C /* MultiTableViewCell.swift in Sources */,
				2C5F793A257FED9D003D5A16 /* ItemViewController.swift in Sources */,
				2C55AF302594DE930001BE12 /* ItemsRealm.swift in Sources */,
				2C1D39A32570226A00568DE0 /* CategoriesLoadProtocol.swift in Sources */,
				2CC1C9F725A3531500D4F59E /* RealmBaseFunctional.swift in Sources */,
				2C6B478025681A160046015D /* AppDelegate.swift in Sources */,
				2C6669C825851EE90080848C /* PictureCollectionViewCell.swift in Sources */,
				2C6B478225681A160046015D /* SceneDelegate.swift in Sources */,
				2C64AD12257A4133005975F7 /* ItemsViewController.swift in Sources */,
				2CBCC1D025862C3C0055882C /* MultiViewController.swift in Sources */,
				2C55D2FB2577B5D400E0765C /* CategoryStruct.swift in Sources */,
				2C573EBE258E5F6C00748490 /* CartViewController.swift in Sources */,
				2C64454A2572AA25006BDE7A /* SubCategoriesViewController.swift in Sources */,
			);
			runOnlyForDeploymentPostprocessing = 0;
		};
/* End PBXSourcesBuildPhase section */

/* Begin PBXVariantGroup section */
		2C6B478525681A160046015D /* Main.storyboard */ = {
			isa = PBXVariantGroup;
			children = (
				2C6B478625681A160046015D /* Base */,
			);
			name = Main.storyboard;
			sourceTree = "<group>";
		};
		2C6B478A25681A1E0046015D /* LaunchScreen.storyboard */ = {
			isa = PBXVariantGroup;
			children = (
				2C6B478B25681A1E0046015D /* Base */,
			);
			name = LaunchScreen.storyboard;
			sourceTree = "<group>";
		};
/* End PBXVariantGroup section */

/* Begin XCBuildConfiguration section */
		2C6B478E25681A1E0046015D /* Debug */ = {
			isa = XCBuildConfiguration;
			buildSettings = {
				ALWAYS_SEARCH_USER_PATHS = NO;
				CLANG_ANALYZER_NONNULL = YES;
				CLANG_ANALYZER_NUMBER_OBJECT_CONVERSION = YES_AGGRESSIVE;
				CLANG_CXX_LANGUAGE_STANDARD = "gnu++14";
				CLANG_CXX_LIBRARY = "libc++";
				CLANG_ENABLE_MODULES = YES;
				CLANG_ENABLE_OBJC_ARC = YES;
				CLANG_ENABLE_OBJC_WEAK = YES;
				CLANG_WARN_BLOCK_CAPTURE_AUTORELEASING = YES;
				CLANG_WARN_BOOL_CONVERSION = YES;
				CLANG_WARN_COMMA = YES;
				CLANG_WARN_CONSTANT_CONVERSION = YES;
				CLANG_WARN_DEPRECATED_OBJC_IMPLEMENTATIONS = YES;
				CLANG_WARN_DIRECT_OBJC_ISA_USAGE = YES_ERROR;
				CLANG_WARN_DOCUMENTATION_COMMENTS = YES;
				CLANG_WARN_EMPTY_BODY = YES;
				CLANG_WARN_ENUM_CONVERSION = YES;
				CLANG_WARN_INFINITE_RECURSION = YES;
				CLANG_WARN_INT_CONVERSION = YES;
				CLANG_WARN_NON_LITERAL_NULL_CONVERSION = YES;
				CLANG_WARN_OBJC_IMPLICIT_RETAIN_SELF = YES;
				CLANG_WARN_OBJC_LITERAL_CONVERSION = YES;
				CLANG_WARN_OBJC_ROOT_CLASS = YES_ERROR;
				CLANG_WARN_RANGE_LOOP_ANALYSIS = YES;
				CLANG_WARN_STRICT_PROTOTYPES = YES;
				CLANG_WARN_SUSPICIOUS_MOVE = YES;
				CLANG_WARN_UNGUARDED_AVAILABILITY = YES_AGGRESSIVE;
				CLANG_WARN_UNREACHABLE_CODE = YES;
				CLANG_WARN__DUPLICATE_METHOD_MATCH = YES;
				COPY_PHASE_STRIP = NO;
				DEBUG_INFORMATION_FORMAT = dwarf;
				ENABLE_STRICT_OBJC_MSGSEND = YES;
				ENABLE_TESTABILITY = YES;
				GCC_C_LANGUAGE_STANDARD = gnu11;
				GCC_DYNAMIC_NO_PIC = NO;
				GCC_NO_COMMON_BLOCKS = YES;
				GCC_OPTIMIZATION_LEVEL = 0;
				GCC_PREPROCESSOR_DEFINITIONS = (
					"DEBUG=1",
					"$(inherited)",
				);
				GCC_WARN_64_TO_32_BIT_CONVERSION = YES;
				GCC_WARN_ABOUT_RETURN_TYPE = YES_ERROR;
				GCC_WARN_UNDECLARED_SELECTOR = YES;
				GCC_WARN_UNINITIALIZED_AUTOS = YES_AGGRESSIVE;
				GCC_WARN_UNUSED_FUNCTION = YES;
				GCC_WARN_UNUSED_VARIABLE = YES;
				IPHONEOS_DEPLOYMENT_TARGET = 13.2;
				MTL_ENABLE_DEBUG_INFO = INCLUDE_SOURCE;
				MTL_FAST_MATH = YES;
				ONLY_ACTIVE_ARCH = YES;
				SDKROOT = iphoneos;
				SWIFT_ACTIVE_COMPILATION_CONDITIONS = DEBUG;
				SWIFT_OPTIMIZATION_LEVEL = "-Onone";
			};
			name = Debug;
		};
		2C6B478F25681A1E0046015D /* Release */ = {
			isa = XCBuildConfiguration;
			buildSettings = {
				ALWAYS_SEARCH_USER_PATHS = NO;
				CLANG_ANALYZER_NONNULL = YES;
				CLANG_ANALYZER_NUMBER_OBJECT_CONVERSION = YES_AGGRESSIVE;
				CLANG_CXX_LANGUAGE_STANDARD = "gnu++14";
				CLANG_CXX_LIBRARY = "libc++";
				CLANG_ENABLE_MODULES = YES;
				CLANG_ENABLE_OBJC_ARC = YES;
				CLANG_ENABLE_OBJC_WEAK = YES;
				CLANG_WARN_BLOCK_CAPTURE_AUTORELEASING = YES;
				CLANG_WARN_BOOL_CONVERSION = YES;
				CLANG_WARN_COMMA = YES;
				CLANG_WARN_CONSTANT_CONVERSION = YES;
				CLANG_WARN_DEPRECATED_OBJC_IMPLEMENTATIONS = YES;
				CLANG_WARN_DIRECT_OBJC_ISA_USAGE = YES_ERROR;
				CLANG_WARN_DOCUMENTATION_COMMENTS = YES;
				CLANG_WARN_EMPTY_BODY = YES;
				CLANG_WARN_ENUM_CONVERSION = YES;
				CLANG_WARN_INFINITE_RECURSION = YES;
				CLANG_WARN_INT_CONVERSION = YES;
				CLANG_WARN_NON_LITERAL_NULL_CONVERSION = YES;
				CLANG_WARN_OBJC_IMPLICIT_RETAIN_SELF = YES;
				CLANG_WARN_OBJC_LITERAL_CONVERSION = YES;
				CLANG_WARN_OBJC_ROOT_CLASS = YES_ERROR;
				CLANG_WARN_RANGE_LOOP_ANALYSIS = YES;
				CLANG_WARN_STRICT_PROTOTYPES = YES;
				CLANG_WARN_SUSPICIOUS_MOVE = YES;
				CLANG_WARN_UNGUARDED_AVAILABILITY = YES_AGGRESSIVE;
				CLANG_WARN_UNREACHABLE_CODE = YES;
				CLANG_WARN__DUPLICATE_METHOD_MATCH = YES;
				COPY_PHASE_STRIP = NO;
				DEBUG_INFORMATION_FORMAT = "dwarf-with-dsym";
				ENABLE_NS_ASSERTIONS = NO;
				ENABLE_STRICT_OBJC_MSGSEND = YES;
				GCC_C_LANGUAGE_STANDARD = gnu11;
				GCC_NO_COMMON_BLOCKS = YES;
				GCC_WARN_64_TO_32_BIT_CONVERSION = YES;
				GCC_WARN_ABOUT_RETURN_TYPE = YES_ERROR;
				GCC_WARN_UNDECLARED_SELECTOR = YES;
				GCC_WARN_UNINITIALIZED_AUTOS = YES_AGGRESSIVE;
				GCC_WARN_UNUSED_FUNCTION = YES;
				GCC_WARN_UNUSED_VARIABLE = YES;
				IPHONEOS_DEPLOYMENT_TARGET = 13.2;
				MTL_ENABLE_DEBUG_INFO = NO;
				MTL_FAST_MATH = YES;
				SDKROOT = iphoneos;
				SWIFT_COMPILATION_MODE = wholemodule;
				SWIFT_OPTIMIZATION_LEVEL = "-O";
				VALIDATE_PRODUCT = YES;
			};
			name = Release;
		};
		2C6B479125681A1E0046015D /* Debug */ = {
			isa = XCBuildConfiguration;
			baseConfigurationReference = E46381D8F51658796A55D6A1 /* Pods-MyShop_BlackStar.debug.xcconfig */;
			buildSettings = {
				ASSETCATALOG_COMPILER_APPICON_NAME = AppIcon;
				CODE_SIGN_STYLE = Automatic;
				INFOPLIST_FILE = MyShop_BlackStar/Info.plist;
				LD_RUNPATH_SEARCH_PATHS = (
					"$(inherited)",
					"@executable_path/Frameworks",
				);
				PRODUCT_BUNDLE_IDENTIFIER = "APPS.MyShop-BlackStar";
				PRODUCT_NAME = "$(TARGET_NAME)";
				SWIFT_VERSION = 5.0;
				TARGETED_DEVICE_FAMILY = "1,2";
			};
			name = Debug;
		};
		2C6B479225681A1E0046015D /* Release */ = {
			isa = XCBuildConfiguration;
			baseConfigurationReference = A7999FBA7C356A4F3CFBE71E /* Pods-MyShop_BlackStar.release.xcconfig */;
			buildSettings = {
				ASSETCATALOG_COMPILER_APPICON_NAME = AppIcon;
				CODE_SIGN_STYLE = Automatic;
				INFOPLIST_FILE = MyShop_BlackStar/Info.plist;
				LD_RUNPATH_SEARCH_PATHS = (
					"$(inherited)",
					"@executable_path/Frameworks",
				);
				PRODUCT_BUNDLE_IDENTIFIER = "APPS.MyShop-BlackStar";
				PRODUCT_NAME = "$(TARGET_NAME)";
				SWIFT_VERSION = 5.0;
				TARGETED_DEVICE_FAMILY = "1,2";
			};
			name = Release;
		};
/* End XCBuildConfiguration section */

/* Begin XCConfigurationList section */
		2C6B477725681A160046015D /* Build configuration list for PBXProject "MyShop_BlackStar" */ = {
			isa = XCConfigurationList;
			buildConfigurations = (
				2C6B478E25681A1E0046015D /* Debug */,
				2C6B478F25681A1E0046015D /* Release */,
			);
			defaultConfigurationIsVisible = 0;
			defaultConfigurationName = Release;
		};
		2C6B479025681A1E0046015D /* Build configuration list for PBXNativeTarget "MyShop_BlackStar" */ = {
			isa = XCConfigurationList;
			buildConfigurations = (
				2C6B479125681A1E0046015D /* Debug */,
				2C6B479225681A1E0046015D /* Release */,
			);
			defaultConfigurationIsVisible = 0;
			defaultConfigurationName = Release;
		};
/* End XCConfigurationList section */
	};
	rootObject = 2C6B477425681A160046015D /* Project object */;
}
